
Microsoft Visual Studio Solution File, Format Version 12.00
# Visual Studio Version 16
VisualStudioVersion = 16.0.31105.61
MinimumVisualStudioVersion = 10.0.40219.1
Project("{FAE04EC0-301F-11D3-BF4B-00C04F79EFBC}") = "Vault", "Vault.csproj", "{08F12EE4-7F60-490D-B824-13D4172F48B5}"
EndProject
Global
	GlobalSection(SolutionConfigurationPlatforms) = preSolution
		Debug|Any CPU = Debug|Any CPU
		Release|Any CPU = Release|Any CPU
	EndGlobalSection
	GlobalSection(ProjectConfigurationPlatforms) = postSolution
		{08F12EE4-7F60-490D-B824-13D4172F48B5}.Debug|Any CPU.ActiveCfg = Debug|Any CPU
		{08F12EE4-7F60-490D-B824-13D4172F48B5}.Debug|Any CPU.Build.0 = Debug|Any CPU
		{08F12EE4-7F60-490D-B824-13D4172F48B5}.Release|Any CPU.ActiveCfg = Release|Any CPU
		{08F12EE4-7F60-490D-B824-13D4172F48B5}.Release|Any CPU.Build.0 = Release|Any CPU
	EndGlobalSection
	GlobalSection(SolutionProperties) = preSolution
		HideSolutionNode = FALSE
	EndGlobalSection
	GlobalSection(ExtensibilityGlobals) = postSolution
		SolutionGuid = {50F50CEF-D9C3-451D-A9D8-B71079FC082E}
	EndGlobalSection
EndGlobal
